
Microsoft Visual Studio Solution File, Format Version 12.00
# Visual Studio Version 17
VisualStudioVersion = 17.14.37301.10 d17.14
MinimumVisualStudioVersion = 10.0.40219.1
Project("{FAE04EC0-301F-11D3-BF4B-00C04F79EFBC}") = "GameReviewAPI", "GameReviewAPI.csproj", "{DC6BF206-2752-46CA-8CC3-3B38EAAB0188}"
EndProject
Global
	GlobalSection(SolutionConfigurationPlatforms) = preSolution
		Debug|Any CPU = Debug|Any CPU
		Release|Any CPU = Release|Any CPU
	EndGlobalSection
	GlobalSection(ProjectConfigurationPlatforms) = postSolution
		{DC6BF206-2752-46CA-8CC3-3B38EAAB0188}.Debug|Any CPU.ActiveCfg = Debug|Any CPU
		{DC6BF206-2752-46CA-8CC3-3B38EAAB0188}.Debug|Any CPU.Build.0 = Debug|Any CPU
		{DC6BF206-2752-46CA-8CC3-3B38EAAB0188}.Release|Any CPU.ActiveCfg = Release|Any CPU
		{DC6BF206-2752-46CA-8CC3-3B38EAAB0188}.Release|Any CPU.Build.0 = Release|Any CPU
	EndGlobalSection
	GlobalSection(SolutionProperties) = preSolution
		HideSolutionNode = FALSE
	EndGlobalSection
	GlobalSection(ExtensibilityGlobals) = postSolution
		SolutionGuid = {EF9F913D-CDEC-47F1-9D28-44DFC7EEFDE6}
	EndGlobalSection
EndGlobal
